
Microsoft Visual Studio Solution File, Format Version 12.00
# Visual Studio Version 17
VisualStudioVersion = 17.1.32414.318
MinimumVisualStudioVersion = 10.0.40219.1
Project("{9A19103F-16F7-4668-BE54-9A1E7A4F7556}") = "Grupp3-MobilApp", "Grupp3-MobilApp\Grupp3-MobilApp.csproj", "{1EE2B377-CB81-4A91-801B-17E3254322F3}"
EndProject
Global
	GlobalSection(SolutionConfigurationPlatforms) = preSolution
		Debug|Any CPU = Debug|Any CPU
		Release|Any CPU = Release|Any CPU
	EndGlobalSection
	GlobalSection(ProjectConfigurationPlatforms) = postSolution
		{1EE2B377-CB81-4A91-801B-17E3254322F3}.Debug|Any CPU.ActiveCfg = Debug|Any CPU
		{1EE2B377-CB81-4A91-801B-17E3254322F3}.Debug|Any CPU.Build.0 = Debug|Any CPU
		{1EE2B377-CB81-4A91-801B-17E3254322F3}.Debug|Any CPU.Deploy.0 = Debug|Any CPU
		{1EE2B377-CB81-4A91-801B-17E3254322F3}.Release|Any CPU.ActiveCfg = Release|Any CPU
		{1EE2B377-CB81-4A91-801B-17E3254322F3}.Release|Any CPU.Build.0 = Release|Any CPU
		{1EE2B377-CB81-4A91-801B-17E3254322F3}.Release|Any CPU.Deploy.0 = Release|Any CPU
	EndGlobalSection
	GlobalSection(SolutionProperties) = preSolution
		HideSolutionNode = FALSE
	EndGlobalSection
	GlobalSection(ExtensibilityGlobals) = postSolution
		SolutionGuid = {63C3AEBE-74EC-4230-950A-890C23CF1F23}
	EndGlobalSection
EndGlobal
